
Microsoft Visual Studio Solution File, Format Version 12.00
# Visual Studio Version 17
VisualStudioVersion = 17.5.33516.290
MinimumVisualStudioVersion = 10.0.40219.1
Project("{9A19103F-16F7-4668-BE54-9A1E7A4F7556}") = "IncidentReporting", "IncidentReporting.csproj", "{B71C8812-256C-40E7-89E7-C3296EDA99A7}"
EndProject
Project("{2150E333-8FDC-42A3-9474-1A3956D46DE8}") = "Solution Items", "Solution Items", "{A47FFD1F-E06C-46B7-A585-92F3234C6BF7}"
	ProjectSection(SolutionItems) = preProject
		.editorconfig = .editorconfig
	EndProjectSection
EndProject
Global
	GlobalSection(SolutionConfigurationPlatforms) = preSolution
		Debug|Any CPU = Debug|Any CPU
		Release|Any CPU = Release|Any CPU
	EndGlobalSection
	GlobalSection(ProjectConfigurationPlatforms) = postSolution
		{B71C8812-256C-40E7-89E7-C3296EDA99A7}.Debug|Any CPU.ActiveCfg = Debug|Any CPU
		{B71C8812-256C-40E7-89E7-C3296EDA99A7}.Debug|Any CPU.Build.0 = Debug|Any CPU
		{B71C8812-256C-40E7-89E7-C3296EDA99A7}.Release|Any CPU.ActiveCfg = Release|Any CPU
		{B71C8812-256C-40E7-89E7-C3296EDA99A7}.Release|Any CPU.Build.0 = Release|Any CPU
	EndGlobalSection
	GlobalSection(SolutionProperties) = preSolution
		HideSolutionNode = FALSE
	EndGlobalSection
	GlobalSection(ExtensibilityGlobals) = postSolution
		SolutionGuid = {D333C76E-0C04-4B1D-8493-40B377B8692B}
	EndGlobalSection
EndGlobal
